// !$*UTF8*$!
{
	archiveVersion = 1;
	classes = {
	};
	objectVersion = 50;
	objects = {

/* Begin PBXBuildFile section */
		47D1110E21146D1900325670 /* AppDelegate.swift in Sources */ = {isa = PBXBuildFile; fileRef = 47D1110D21146D1900325670 /* AppDelegate.swift */; };
		47D1111021146D1900325670 /* ViewController.swift in Sources */ = {isa = PBXBuildFile; fileRef = 47D1110F21146D1900325670 /* ViewController.swift */; };
		47D1111321146D1900325670 /* Main.storyboard in Resources */ = {isa = PBXBuildFile; fileRef = 47D1111121146D1900325670 /* Main.storyboard */; };
		47D1111521146D1A00325670 /* Assets.xcassets in Resources */ = {isa = PBXBuildFile; fileRef = 47D1111421146D1A00325670 /* Assets.xcassets */; };
		47D1111821146D1A00325670 /* LaunchScreen.storyboard in Resources */ = {isa = PBXBuildFile; fileRef = 47D1111621146D1A00325670 /* LaunchScreen.storyboard */; };
		47D11123211474A200325670 /* MenuController.swift in Sources */ = {isa = PBXBuildFile; fileRef = 47D11122211474A200325670 /* MenuController.swift */; };
		47D111252114750400325670 /* ALaCarteController.swift in Sources */ = {isa = PBXBuildFile; fileRef = 47D111242114750400325670 /* ALaCarteController.swift */; };
		47D111272114779500325670 /* MonTabBar.swift in Sources */ = {isa = PBXBuildFile; fileRef = 47D111262114779500325670 /* MonTabBar.swift */; };
		47D1112A211477F000325670 /* Constantes.swift in Sources */ = {isa = PBXBuildFile; fileRef = 47D11129211477F000325670 /* Constantes.swift */; };
		47D1112C21147A9F00325670 /* MonNavigationController.swift in Sources */ = {isa = PBXBuildFile; fileRef = 47D1112B21147A9F00325670 /* MonNavigationController.swift */; };
		47D1112E211482A000325670 /* MenuCell.swift in Sources */ = {isa = PBXBuildFile; fileRef = 47D1112D211482A000325670 /* MenuCell.swift */; };
		47D11130211488AC00325670 /* Plats.swift in Sources */ = {isa = PBXBuildFile; fileRef = 47D1112F211488AC00325670 /* Plats.swift */; };
		47D11132211488EE00325670 /* Enums.swift in Sources */ = {isa = PBXBuildFile; fileRef = 47D11131211488EE00325670 /* Enums.swift */; };
		47D1113421148AA200325670 /* Menus.swift in Sources */ = {isa = PBXBuildFile; fileRef = 47D1113321148AA200325670 /* Menus.swift */; };
		47D1113621148B8300325670 /* LesPlats.swift in Sources */ = {isa = PBXBuildFile; fileRef = 47D1113521148B8300325670 /* LesPlats.swift */; };
/* End PBXBuildFile section */

/* Begin PBXFileReference section */
		47D1110A21146D1900325670 /* MonRestoDuMonde.app */ = {isa = PBXFileReference; explicitFileType = wrapper.application; includeInIndex = 0; path = MonRestoDuMonde.app; sourceTree = BUILT_PRODUCTS_DIR; };
		47D1110D21146D1900325670 /* AppDelegate.swift */ = {isa = PBXFileReference; lastKnownFileType = sourcecode.swift; path = AppDelegate.swift; sourceTree = "<group>"; };
		47D1110F21146D1900325670 /* ViewController.swift */ = {isa = PBXFileReference; lastKnownFileType = sourcecode.swift; path = ViewController.swift; sourceTree = "<group>"; };
		47D1111221146D1900325670 /* Base */ = {isa = PBXFileReference; lastKnownFileType = file.storyboard; name = Base; path = Base.lproj/Main.storyboard; sourceTree = "<group>"; };
		47D1111421146D1A00325670 /* Assets.xcassets */ = {isa = PBXFileReference; lastKnownFileType = folder.assetcatalog; path = Assets.xcassets; sourceTree = "<group>"; };
		47D1111721146D1A00325670 /* Base */ = {isa = PBXFileReference; lastKnownFileType = file.storyboard; name = Base; path = Base.lproj/LaunchScreen.storyboard; sourceTree = "<group>"; };
		47D1111921146D1A00325670 /* Info.plist */ = {isa = PBXFileReference; lastKnownFileType = text.plist.xml; path = Info.plist; sourceTree = "<group>"; };
		47D11122211474A200325670 /* MenuController.swift */ = {isa = PBXFileReference; lastKnownFileType = sourcecode.swift; path = MenuController.swift; sourceTree = "<group>"; };
		47D111242114750400325670 /* ALaCarteController.swift */ = {isa = PBXFileReference; lastKnownFileType = sourcecode.swift; path = ALaCarteController.swift; sourceTree = "<group>"; };
		47D111262114779500325670 /* MonTabBar.swift */ = {isa = PBXFileReference; lastKnownFileType = sourcecode.swift; path = MonTabBar.swift; sourceTree = "<group>"; };
		47D11129211477F000325670 /* Constantes.swift */ = {isa = PBXFileReference; lastKnownFileType = sourcecode.swift; path = Constantes.swift; sourceTree = "<group>"; };
		47D1112B21147A9F00325670 /* MonNavigationController.swift */ = {isa = PBXFileReference; lastKnownFileType = sourcecode.swift; path = MonNavigationController.swift; sourceTree = "<group>"; };
		47D1112D211482A000325670 /* MenuCell.swift */ = {isa = PBXFileReference; lastKnownFileType = sourcecode.swift; path = MenuCell.swift; sourceTree = "<group>"; };
		47D1112F211488AC00325670 /* Plats.swift */ = {isa = PBXFileReference; lastKnownFileType = sourcecode.swift; path = Plats.swift; sourceTree = "<group>"; };
		47D11131211488EE00325670 /* Enums.swift */ = {isa = PBXFileReference; lastKnownFileType = sourcecode.swift; path = Enums.swift; sourceTree = "<group>"; };
		47D1113321148AA200325670 /* Menus.swift */ = {isa = PBXFileReference; lastKnownFileType = sourcecode.swift; path = Menus.swift; sourceTree = "<group>"; };
		47D1113521148B8300325670 /* LesPlats.swift */ = {isa = PBXFileReference; lastKnownFileType = sourcecode.swift; path = LesPlats.swift; sourceTree = "<group>"; };
/* End PBXFileReference section */

/* Begin PBXFrameworksBuildPhase section */
		47D1110721146D1900325670 /* Frameworks */ = {
			isa = PBXFrameworksBuildPhase;
			buildActionMask = 2147483647;
			files = (
			);
			runOnlyForDeploymentPostprocessing = 0;
		};
/* End PBXFrameworksBuildPhase section */

/* Begin PBXGroup section */
		47D1110121146D1900325670 = {
			isa = PBXGroup;
			children = (
				47D1110C21146D1900325670 /* MonRestoDuMonde */,
				47D1110B21146D1900325670 /* Products */,
			);
			sourceTree = "<group>";
		};
		47D1110B21146D1900325670 /* Products */ = {
			isa = PBXGroup;
			children = (
				47D1110A21146D1900325670 /* MonRestoDuMonde.app */,
			);
			name = Products;
			sourceTree = "<group>";
		};
		47D1110C21146D1900325670 /* MonRestoDuMonde */ = {
			isa = PBXGroup;
			children = (
				47D1111F2114740D00325670 /* Modèle */,
				47D111202114743100325670 /* Vue */,
				47D111212114743B00325670 /* Controlleur */,
				47D11128211477CF00325670 /* Utilitaire */,
				47D1110D21146D1900325670 /* AppDelegate.swift */,
				47D1110F21146D1900325670 /* ViewController.swift */,
				47D1111121146D1900325670 /* Main.storyboard */,
				47D1111421146D1A00325670 /* Assets.xcassets */,
				47D1111621146D1A00325670 /* LaunchScreen.storyboard */,
				47D1111921146D1A00325670 /* Info.plist */,
			);
			path = MonRestoDuMonde;
			sourceTree = "<group>";
		};
		47D1111F2114740D00325670 /* Modèle */ = {
			isa = PBXGroup;
			children = (
				47D1112F211488AC00325670 /* Plats.swift */,
				47D11131211488EE00325670 /* Enums.swift */,
				47D1113321148AA200325670 /* Menus.swift */,
				47D1113521148B8300325670 /* LesPlats.swift */,
			);
			name = "Modèle";
			path = "Modèle";
			sourceTree = "<group>";
		};
		47D111202114743100325670 /* Vue */ = {
			isa = PBXGroup;
			children = (
				47D1112D211482A000325670 /* MenuCell.swift */,
			);
			path = Vue;
			sourceTree = "<group>";
		};
		47D111212114743B00325670 /* Controlleur */ = {
			isa = PBXGroup;
			children = (
				47D11122211474A200325670 /* MenuController.swift */,
				47D111242114750400325670 /* ALaCarteController.swift */,
				47D111262114779500325670 /* MonTabBar.swift */,
				47D1112B21147A9F00325670 /* MonNavigationController.swift */,
			);
			path = Controlleur;
			sourceTree = "<group>";
		};
		47D11128211477CF00325670 /* Utilitaire */ = {
			isa = PBXGroup;
			children = (
				47D11129211477F000325670 /* Constantes.swift */,
			);
			path = Utilitaire;
			sourceTree = "<group>";
		};
/* End PBXGroup section */

/* Begin PBXNativeTarget section */
		47D1110921146D1900325670 /* MonRestoDuMonde */ = {
			isa = PBXNativeTarget;
			buildConfigurationList = 47D1111C21146D1A00325670 /* Build configuration list for PBXNativeTarget "MonRestoDuMonde" */;
			buildPhases = (
				47D1110621146D1900325670 /* Sources */,
				47D1110721146D1900325670 /* Frameworks */,
				47D1110821146D1900325670 /* Resources */,
			);
			buildRules = (
			);
			dependencies = (
			);
			name = MonRestoDuMonde;
			productName = MonRestoDuMonde;
			productReference = 47D1110A21146D1900325670 /* MonRestoDuMonde.app */;
			productType = "com.apple.product-type.application";
		};
/* End PBXNativeTarget section */

/* Begin PBXProject section */
		47D1110221146D1900325670 /* Project object */ = {
			isa = PBXProject;
			attributes = {
				LastSwiftUpdateCheck = 0940;
				LastUpgradeCheck = 0940;
				ORGANIZATIONNAME = "TOGNI Elie";
				TargetAttributes = {
					47D1110921146D1900325670 = {
						CreatedOnToolsVersion = 9.4.1;
					};
				};
			};
			buildConfigurationList = 47D1110521146D1900325670 /* Build configuration list for PBXProject "MonRestoDuMonde" */;
			compatibilityVersion = "Xcode 9.3";
			developmentRegion = en;
			hasScannedForEncodings = 0;
			knownRegions = (
				en,
				Base,
			);
			mainGroup = 47D1110121146D1900325670;
			productRefGroup = 47D1110B21146D1900325670 /* Products */;
			projectDirPath = "";
			projectRoot = "";
			targets = (
				47D1110921146D1900325670 /* MonRestoDuMonde */,
			);
		};
/* End PBXProject section */

/* Begin PBXResourcesBuildPhase section */
		47D1110821146D1900325670 /* Resources */ = {
			isa = PBXResourcesBuildPhase;
			buildActionMask = 2147483647;
			files = (
				47D1111821146D1A00325670 /* LaunchScreen.storyboard in Resources */,
				47D1111521146D1A00325670 /* Assets.xcassets in Resources */,
				47D1111321146D1900325670 /* Main.storyboard in Resources */,
			);
			runOnlyForDeploymentPostprocessing = 0;
		};
/* End PBXResourcesBuildPhase section */

/* Begin PBXSourcesBuildPhase section */
		47D1110621146D1900325670 /* Sources */ = {
			isa = PBXSourcesBuildPhase;
			buildActionMask = 2147483647;
			files = (
				47D1113421148AA200325670 /* Menus.swift in Sources */,
				47D1113621148B8300325670 /* LesPlats.swift in Sources */,
				47D111272114779500325670 /* MonTabBar.swift in Sources */,
				47D111252114750400325670 /* ALaCarteController.swift in Sources */,
				47D11132211488EE00325670 /* Enums.swift in Sources */,
				47D1111021146D1900325670 /* ViewController.swift in Sources */,
				47D11123211474A200325670 /* MenuController.swift in Sources */,
				47D1110E21146D1900325670 /* AppDelegate.swift in Sources */,
				47D1112A211477F000325670 /* Constantes.swift in Sources */,
				47D11130211488AC00325670 /* Plats.swift in Sources */,
				47D1112E211482A000325670 /* MenuCell.swift in Sources */,
				47D1112C21147A9F00325670 /* MonNavigationController.swift in Sources */,
			);
			runOnlyForDeploymentPostprocessing = 0;
		};
/* End PBXSourcesBuildPhase section */

/* Begin PBXVariantGroup section */
		47D1111121146D1900325670 /* Main.storyboard */ = {
			isa = PBXVariantGroup;
			children = (
				47D1111221146D1900325670 /* Base */,
			);
			name = Main.storyboard;
			sourceTree = "<group>";
		};
		47D1111621146D1A00325670 /* LaunchScreen.storyboard */ = {
			isa = PBXVariantGroup;
			children = (
				47D1111721146D1A00325670 /* Base */,
			);
			name = LaunchScreen.storyboard;
			sourceTree = "<group>";
		};
/* End PBXVariantGroup section */

/* Begin XCBuildConfiguration section */
		47D1111A21146D1A00325670 /* Debug */ = {
			isa = XCBuildConfiguration;
			buildSettings = {
				ALWAYS_SEARCH_USER_PATHS = NO;
				CLANG_ANALYZER_NONNULL = YES;
				CLANG_ANALYZER_NUMBER_OBJECT_CONVERSION = YES_AGGRESSIVE;
				CLANG_CXX_LANGUAGE_STANDARD = "gnu++14";
				CLANG_CXX_LIBRARY = "libc++";
				CLANG_ENABLE_MODULES = YES;
				CLANG_ENABLE_OBJC_ARC = YES;
				CLANG_ENABLE_OBJC_WEAK = YES;
				CLANG_WARN_BLOCK_CAPTURE_AUTORELEASING = YES;
				CLANG_WARN_BOOL_CONVERSION = YES;
				CLANG_WARN_COMMA = YES;
				CLANG_WARN_CONSTANT_CONVERSION = YES;
				CLANG_WARN_DEPRECATED_OBJC_IMPLEMENTATIONS = YES;
				CLANG_WARN_DIRECT_OBJC_ISA_USAGE = YES_ERROR;
				CLANG_WARN_DOCUMENTATION_COMMENTS = YES;
				CLANG_WARN_EMPTY_BODY = YES;
				CLANG_WARN_ENUM_CONVERSION = YES;
				CLANG_WARN_INFINITE_RECURSION = YES;
				CLANG_WARN_INT_CONVERSION = YES;
				CLANG_WARN_NON_LITERAL_NULL_CONVERSION = YES;
				CLANG_WARN_OBJC_IMPLICIT_RETAIN_SELF = YES;
				CLANG_WARN_OBJC_LITERAL_CONVERSION = YES;
				CLANG_WARN_OBJC_ROOT_CLASS = YES_ERROR;
				CLANG_WARN_RANGE_LOOP_ANALYSIS = YES;
				CLANG_WARN_STRICT_PROTOTYPES = YES;
				CLANG_WARN_SUSPICIOUS_MOVE = YES;
				CLANG_WARN_UNGUARDED_AVAILABILITY = YES_AGGRESSIVE;
				CLANG_WARN_UNREACHABLE_CODE = YES;
				CLANG_WARN__DUPLICATE_METHOD_MATCH = YES;
				CODE_SIGN_IDENTITY = "iPhone Developer";
				COPY_PHASE_STRIP = NO;
				DEBUG_INFORMATION_FORMAT = dwarf;
				ENABLE_STRICT_OBJC_MSGSEND = YES;
				ENABLE_TESTABILITY = YES;
				GCC_C_LANGUAGE_STANDARD = gnu11;
				GCC_DYNAMIC_NO_PIC = NO;
				GCC_NO_COMMON_BLOCKS = YES;
				GCC_OPTIMIZATION_LEVEL = 0;
				GCC_PREPROCESSOR_DEFINITIONS = (
					"DEBUG=1",
					"$(inherited)",
				);
				GCC_WARN_64_TO_32_BIT_CONVERSION = YES;
				GCC_WARN_ABOUT_RETURN_TYPE = YES_ERROR;
				GCC_WARN_UNDECLARED_SELECTOR = YES;
				GCC_WARN_UNINITIALIZED_AUTOS = YES_AGGRESSIVE;
				GCC_WARN_UNUSED_FUNCTION = YES;
				GCC_WARN_UNUSED_VARIABLE = YES;
				IPHONEOS_DEPLOYMENT_TARGET = 11.4;
				MTL_ENABLE_DEBUG_INFO = YES;
				ONLY_ACTIVE_ARCH = YES;
				SDKROOT = iphoneos;
				SWIFT_ACTIVE_COMPILATION_CONDITIONS = DEBUG;
				SWIFT_OPTIMIZATION_LEVEL = "-Onone";
			};
			name = Debug;
		};
		47D1111B21146D1A00325670 /* Release */ = {
			isa = XCBuildConfiguration;
			buildSettings = {
				ALWAYS_SEARCH_USER_PATHS = NO;
				CLANG_ANALYZER_NONNULL = YES;
				CLANG_ANALYZER_NUMBER_OBJECT_CONVERSION = YES_AGGRESSIVE;
				CLANG_CXX_LANGUAGE_STANDARD = "gnu++14";
				CLANG_CXX_LIBRARY = "libc++";
				CLANG_ENABLE_MODULES = YES;
				CLANG_ENABLE_OBJC_ARC = YES;
				CLANG_ENABLE_OBJC_WEAK = YES;
				CLANG_WARN_BLOCK_CAPTURE_AUTORELEASING = YES;
				CLANG_WARN_BOOL_CONVERSION = YES;
				CLANG_WARN_COMMA = YES;
				CLANG_WARN_CONSTANT_CONVERSION = YES;
				CLANG_WARN_DEPRECATED_OBJC_IMPLEMENTATIONS = YES;
				CLANG_WARN_DIRECT_OBJC_ISA_USAGE = YES_ERROR;
				CLANG_WARN_DOCUMENTATION_COMMENTS = YES;
				CLANG_WARN_EMPTY_BODY = YES;
				CLANG_WARN_ENUM_CONVERSION = YES;
				CLANG_WARN_INFINITE_RECURSION = YES;
				CLANG_WARN_INT_CONVERSION = YES;
				CLANG_WARN_NON_LITERAL_NULL_CONVERSION = YES;
				CLANG_WARN_OBJC_IMPLICIT_RETAIN_SELF = YES;
				CLANG_WARN_OBJC_LITERAL_CONVERSION = YES;
				CLANG_WARN_OBJC_ROOT_CLASS = YES_ERROR;
				CLANG_WARN_RANGE_LOOP_ANALYSIS = YES;
				CLANG_WARN_STRICT_PROTOTYPES = YES;
				CLANG_WARN_SUSPICIOUS_MOVE = YES;
				CLANG_WARN_UNGUARDED_AVAILABILITY = YES_AGGRESSIVE;
				CLANG_WARN_UNREACHABLE_CODE = YES;
				CLANG_WARN__DUPLICATE_METHOD_MATCH = YES;
				CODE_SIGN_IDENTITY = "iPhone Developer";
				COPY_PHASE_STRIP = NO;
				DEBUG_INFORMATION_FORMAT = "dwarf-with-dsym";
				ENABLE_NS_ASSERTIONS = NO;
				ENABLE_STRICT_OBJC_MSGSEND = YES;
				GCC_C_LANGUAGE_STANDARD = gnu11;
				GCC_NO_COMMON_BLOCKS = YES;
				GCC_WARN_64_TO_32_BIT_CONVERSION = YES;
				GCC_WARN_ABOUT_RETURN_TYPE = YES_ERROR;
				GCC_WARN_UNDECLARED_SELECTOR = YES;
				GCC_WARN_UNINITIALIZED_AUTOS = YES_AGGRESSIVE;
				GCC_WARN_UNUSED_FUNCTION = YES;
				GCC_WARN_UNUSED_VARIABLE = YES;
				IPHONEOS_DEPLOYMENT_TARGET = 11.4;
				MTL_ENABLE_DEBUG_INFO = NO;
				SDKROOT = iphoneos;
				SWIFT_COMPILATION_MODE = wholemodule;
				SWIFT_OPTIMIZATION_LEVEL = "-O";
				VALIDATE_PRODUCT = YES;
			};
			name = Release;
		};
		47D1111D21146D1A00325670 /* Debug */ = {
			isa = XCBuildConfiguration;
			buildSettings = {
				ASSETCATALOG_COMPILER_APPICON_NAME = AppIcon;
				CODE_SIGN_STYLE = Automatic;
				DEVELOPMENT_TEAM = 725VNL8HNY;
				INFOPLIST_FILE = MonRestoDuMonde/Info.plist;
				LD_RUNPATH_SEARCH_PATHS = (
					"$(inherited)",
					"@executable_path/Frameworks",
				);
				PRODUCT_BUNDLE_IDENTIFIER = "TOGNI-Elie.MonRestoDuMonde";
				PRODUCT_NAME = "$(TARGET_NAME)";
				SWIFT_VERSION = 4.0;
				TARGETED_DEVICE_FAMILY = "1,2";
			};
			name = Debug;
		};
		47D1111E21146D1A00325670 /* Release */ = {
			isa = XCBuildConfiguration;
			buildSettings = {
				ASSETCATALOG_COMPILER_APPICON_NAME = AppIcon;
				CODE_SIGN_STYLE = Automatic;
				DEVELOPMENT_TEAM = 725VNL8HNY;
				INFOPLIST_FILE = MonRestoDuMonde/Info.plist;
				LD_RUNPATH_SEARCH_PATHS = (
					"$(inherited)",
					"@executable_path/Frameworks",
				);
				PRODUCT_BUNDLE_IDENTIFIER = "TOGNI-Elie.MonRestoDuMonde";
				PRODUCT_NAME = "$(TARGET_NAME)";
				SWIFT_VERSION = 4.0;
				TARGETED_DEVICE_FAMILY = "1,2";
			};
			name = Release;
		};
/* End XCBuildConfiguration section */

/* Begin XCConfigurationList section */
		47D1110521146D1900325670 /* Build configuration list for PBXProject "MonRestoDuMonde" */ = {
			isa = XCConfigurationList;
			buildConfigurations = (
				47D1111A21146D1A00325670 /* Debug */,
				47D1111B21146D1A00325670 /* Release */,
			);
			defaultConfigurationIsVisible = 0;
			defaultConfigurationName = Release;
		};
		47D1111C21146D1A00325670 /* Build configuration list for PBXNativeTarget "MonRestoDuMonde" */ = {
			isa = XCConfigurationList;
			buildConfigurations = (
				47D1111D21146D1A00325670 /* Debug */,
				47D1111E21146D1A00325670 /* Release */,
			);
			defaultConfigurationIsVisible = 0;
			defaultConfigurationName = Release;
		};
/* End XCConfigurationList section */
	};
	rootObject = 47D1110221146D1900325670 /* Project object */;
}
